// !$*UTF8*$!
{
	archiveVersion = 1;
	classes = {
	};
	objectVersion = 46;
	objects = {

/* Begin PBXBuildFile section */
		2B1B6D2D96A62EF1F8531CD4 /* Pods.framework in Frameworks */ = {isa = PBXBuildFile; fileRef = 38EBD935EAAA33FDDC66019D /* Pods.framework */; };
		32ABF031C90DEC38CFDAD9DD /* service in Resources */ = {isa = PBXBuildFile; fileRef = 32ABF6E670C0EB2927E070B7 /* service */; };
		32ABF100F79AC44F1673C446 /* Card.swift in Sources */ = {isa = PBXBuildFile; fileRef = 32ABFDD4A8380FAE5CF401CD /* Card.swift */; };
		32ABF3315C5D6E62F23278C2 /* Idol.swift in Sources */ = {isa = PBXBuildFile; fileRef = 32ABF49DA2E52B65AB755846 /* Idol.swift */; };
		32ABF361E72E25E7EF5FC0F4 /* CardService.swift in Sources */ = {isa = PBXBuildFile; fileRef = 32ABFEC9818A2F95F8E0AF6D /* CardService.swift */; };
		32ABF42D53030AC55EFF9B15 /* CardManager.swift in Sources */ = {isa = PBXBuildFile; fileRef = 32ABFF0084E1B52567EA9C1F /* CardManager.swift */; };
		32ABF4B17DD53C4A46BF28DE /* manager in Resources */ = {isa = PBXBuildFile; fileRef = 32ABFEDA579ADF6909773D9F /* manager */; };
		32ABF711159E2C5CDF581F16 /* Cv.swift in Sources */ = {isa = PBXBuildFile; fileRef = 32ABFE2EB1A74481997A3676 /* Cv.swift */; };
		32ABF8971A4819B4F69AE51D /* EventService.swift in Sources */ = {isa = PBXBuildFile; fileRef = 32ABFC60F33CD7A4A56771D0 /* EventService.swift */; };
		32ABF9745496D034757686A8 /* model in Resources */ = {isa = PBXBuildFile; fileRef = 32ABF7F657F6D61E8811C5B4 /* model */; };
		32ABFDAE0BAACF0C3B2B2CC5 /* Event.swift in Sources */ = {isa = PBXBuildFile; fileRef = 32ABF32F7CB66A48815962E8 /* Event.swift */; };
		32ABFDFFF1C0335B9070E348 /* CardController.swift in Sources */ = {isa = PBXBuildFile; fileRef = 32ABFA1AE86493DE8F1190A4 /* CardController.swift */; };
		32ABFE0AC28AC546DD16C85D /* EventManager.swift in Sources */ = {isa = PBXBuildFile; fileRef = 32ABF9E2943013B00F0AEC84 /* EventManager.swift */; };
		32ABFFB66240DABD764ADC4A /* DatabaseManager.swift in Sources */ = {isa = PBXBuildFile; fileRef = 32ABF9A8C24A5239C603BC86 /* DatabaseManager.swift */; };
		C3F0D4ED1C22C9C2008EF6F6 /* AppDelegate.swift in Sources */ = {isa = PBXBuildFile; fileRef = C3F0D4EC1C22C9C2008EF6F6 /* AppDelegate.swift */; };
		C3F0D4EF1C22C9C2008EF6F6 /* MainController.swift in Sources */ = {isa = PBXBuildFile; fileRef = C3F0D4EE1C22C9C2008EF6F6 /* MainController.swift */; };
		C3F0D4F21C22C9C2008EF6F6 /* Main.storyboard in Resources */ = {isa = PBXBuildFile; fileRef = C3F0D4F01C22C9C2008EF6F6 /* Main.storyboard */; };
		C3F0D4F41C22C9C2008EF6F6 /* Assets.xcassets in Resources */ = {isa = PBXBuildFile; fileRef = C3F0D4F31C22C9C2008EF6F6 /* Assets.xcassets */; };
		C3F0D4F71C22C9C2008EF6F6 /* LaunchScreen.storyboard in Resources */ = {isa = PBXBuildFile; fileRef = C3F0D4F51C22C9C2008EF6F6 /* LaunchScreen.storyboard */; };
		C3F0D5021C22C9C2008EF6F6 /* lovelive_plusTests.swift in Sources */ = {isa = PBXBuildFile; fileRef = C3F0D5011C22C9C2008EF6F6 /* lovelive_plusTests.swift */; };
		C3F0D50D1C22C9C2008EF6F6 /* lovelive_plusUITests.swift in Sources */ = {isa = PBXBuildFile; fileRef = C3F0D50C1C22C9C2008EF6F6 /* lovelive_plusUITests.swift */; };
/* End PBXBuildFile section */

/* Begin PBXContainerItemProxy section */
		C3F0D4FE1C22C9C2008EF6F6 /* PBXContainerItemProxy */ = {
			isa = PBXContainerItemProxy;
			containerPortal = C3F0D4E11C22C9C2008EF6F6 /* Project object */;
			proxyType = 1;
			remoteGlobalIDString = C3F0D4E81C22C9C2008EF6F6;
			remoteInfo = lovelive_plus;
		};
		C3F0D5091C22C9C2008EF6F6 /* PBXContainerItemProxy */ = {
			isa = PBXContainerItemProxy;
			containerPortal = C3F0D4E11C22C9C2008EF6F6 /* Project object */;
			proxyType = 1;
			remoteGlobalIDString = C3F0D4E81C22C9C2008EF6F6;
			remoteInfo = lovelive_plus;
		};
/* End PBXContainerItemProxy section */

/* Begin PBXFileReference section */
		32ABF32F7CB66A48815962E8 /* Event.swift */ = {isa = PBXFileReference; fileEncoding = 4; lastKnownFileType = sourcecode.swift; name = Event.swift; path = model/Event.swift; sourceTree = "<group>"; };
		32ABF49DA2E52B65AB755846 /* Idol.swift */ = {isa = PBXFileReference; fileEncoding = 4; lastKnownFileType = sourcecode.swift; name = Idol.swift; path = model/Idol.swift; sourceTree = "<group>"; };
		32ABF6E670C0EB2927E070B7 /* service */ = {isa = PBXFileReference; lastKnownFileType = folder; path = service; sourceTree = "<group>"; };
		32ABF7F657F6D61E8811C5B4 /* model */ = {isa = PBXFileReference; lastKnownFileType = folder; path = model; sourceTree = "<group>"; };
		32ABF9A8C24A5239C603BC86 /* DatabaseManager.swift */ = {isa = PBXFileReference; fileEncoding = 4; lastKnownFileType = sourcecode.swift; name = DatabaseManager.swift; path = manager/DatabaseManager.swift; sourceTree = "<group>"; };
		32ABF9E2943013B00F0AEC84 /* EventManager.swift */ = {isa = PBXFileReference; fileEncoding = 4; lastKnownFileType = sourcecode.swift; name = EventManager.swift; path = manager/EventManager.swift; sourceTree = "<group>"; };
		32ABFA1AE86493DE8F1190A4 /* CardController.swift */ = {isa = PBXFileReference; fileEncoding = 4; lastKnownFileType = sourcecode.swift; path = CardController.swift; sourceTree = "<group>"; };
		32ABFC60F33CD7A4A56771D0 /* EventService.swift */ = {isa = PBXFileReference; fileEncoding = 4; lastKnownFileType = sourcecode.swift; name = EventService.swift; path = service/EventService.swift; sourceTree = "<group>"; };
		32ABFDD4A8380FAE5CF401CD /* Card.swift */ = {isa = PBXFileReference; fileEncoding = 4; lastKnownFileType = sourcecode.swift; name = Card.swift; path = model/Card.swift; sourceTree = "<group>"; };
		32ABFE2EB1A74481997A3676 /* Cv.swift */ = {isa = PBXFileReference; fileEncoding = 4; lastKnownFileType = sourcecode.swift; name = Cv.swift; path = model/Cv.swift; sourceTree = "<group>"; };
		32ABFEC9818A2F95F8E0AF6D /* CardService.swift */ = {isa = PBXFileReference; fileEncoding = 4; lastKnownFileType = sourcecode.swift; name = CardService.swift; path = service/CardService.swift; sourceTree = "<group>"; };
		32ABFEDA579ADF6909773D9F /* manager */ = {isa = PBXFileReference; lastKnownFileType = folder; path = manager; sourceTree = "<group>"; };
		32ABFF0084E1B52567EA9C1F /* CardManager.swift */ = {isa = PBXFileReference; fileEncoding = 4; lastKnownFileType = sourcecode.swift; name = CardManager.swift; path = manager/CardManager.swift; sourceTree = "<group>"; };
		38EBD935EAAA33FDDC66019D /* Pods.framework */ = {isa = PBXFileReference; explicitFileType = wrapper.framework; includeInIndex = 0; path = Pods.framework; sourceTree = BUILT_PRODUCTS_DIR; };
		810BA84A8856D9DE592EF842 /* Pods.debug.xcconfig */ = {isa = PBXFileReference; includeInIndex = 1; lastKnownFileType = text.xcconfig; name = Pods.debug.xcconfig; path = "Pods/Target Support Files/Pods/Pods.debug.xcconfig"; sourceTree = "<group>"; };
		A977597BCA03742C293574A2 /* Pods.release.xcconfig */ = {isa = PBXFileReference; includeInIndex = 1; lastKnownFileType = text.xcconfig; name = Pods.release.xcconfig; path = "Pods/Target Support Files/Pods/Pods.release.xcconfig"; sourceTree = "<group>"; };
		C3BE86F11C2ED2AC00FB58EF /* lovelive_plus-Bridging-Header.h */ = {isa = PBXFileReference; lastKnownFileType = sourcecode.c.h; path = "lovelive_plus-Bridging-Header.h"; sourceTree = "<group>"; };
		C3F0D4E91C22C9C2008EF6F6 /* lovelive_plus.app */ = {isa = PBXFileReference; explicitFileType = wrapper.application; includeInIndex = 0; path = lovelive_plus.app; sourceTree = BUILT_PRODUCTS_DIR; };
		C3F0D4EC1C22C9C2008EF6F6 /* AppDelegate.swift */ = {isa = PBXFileReference; lastKnownFileType = sourcecode.swift; path = AppDelegate.swift; sourceTree = "<group>"; };
		C3F0D4EE1C22C9C2008EF6F6 /* MainController.swift */ = {isa = PBXFileReference; lastKnownFileType = sourcecode.swift; path = MainController.swift; sourceTree = "<group>"; };
		C3F0D4F11C22C9C2008EF6F6 /* Base */ = {isa = PBXFileReference; lastKnownFileType = file.storyboard; name = Base; path = Base.lproj/Main.storyboard; sourceTree = "<group>"; };
		C3F0D4F31C22C9C2008EF6F6 /* Assets.xcassets */ = {isa = PBXFileReference; lastKnownFileType = folder.assetcatalog; path = Assets.xcassets; sourceTree = "<group>"; };
		C3F0D4F61C22C9C2008EF6F6 /* Base */ = {isa = PBXFileReference; lastKnownFileType = file.storyboard; name = Base; path = Base.lproj/LaunchScreen.storyboard; sourceTree = "<group>"; };
		C3F0D4F81C22C9C2008EF6F6 /* Info.plist */ = {isa = PBXFileReference; lastKnownFileType = text.plist.xml; path = Info.plist; sourceTree = "<group>"; };
		C3F0D4FD1C22C9C2008EF6F6 /* lovelive_plusTests.xctest */ = {isa = PBXFileReference; explicitFileType = wrapper.cfbundle; includeInIndex = 0; path = lovelive_plusTests.xctest; sourceTree = BUILT_PRODUCTS_DIR; };
		C3F0D5011C22C9C2008EF6F6 /* lovelive_plusTests.swift */ = {isa = PBXFileReference; lastKnownFileType = sourcecode.swift; path = lovelive_plusTests.swift; sourceTree = "<group>"; };
		C3F0D5031C22C9C2008EF6F6 /* Info.plist */ = {isa = PBXFileReference; lastKnownFileType = text.plist.xml; path = Info.plist; sourceTree = "<group>"; };
		C3F0D5081C22C9C2008EF6F6 /* lovelive_plusUITests.xctest */ = {isa = PBXFileReference; explicitFileType = wrapper.cfbundle; includeInIndex = 0; path = lovelive_plusUITests.xctest; sourceTree = BUILT_PRODUCTS_DIR; };
		C3F0D50C1C22C9C2008EF6F6 /* lovelive_plusUITests.swift */ = {isa = PBXFileReference; lastKnownFileType = sourcecode.swift; path = lovelive_plusUITests.swift; sourceTree = "<group>"; };
		C3F0D50E1C22C9C2008EF6F6 /* Info.plist */ = {isa = PBXFileReference; lastKnownFileType = text.plist.xml; path = Info.plist; sourceTree = "<group>"; };
		C3F0D51A1C22E94D008EF6F6 /* zh-Hans */ = {isa = PBXFileReference; lastKnownFileType = text.plist.strings; name = "zh-Hans"; path = "zh-Hans.lproj/Main.strings"; sourceTree = "<group>"; };
		C3F0D51B1C22E94D008EF6F6 /* zh-Hans */ = {isa = PBXFileReference; lastKnownFileType = text.plist.strings; name = "zh-Hans"; path = "zh-Hans.lproj/LaunchScreen.strings"; sourceTree = "<group>"; };
/* End PBXFileReference section */

/* Begin PBXFrameworksBuildPhase section */
		C3F0D4E61C22C9C2008EF6F6 /* Frameworks */ = {
			isa = PBXFrameworksBuildPhase;
			buildActionMask = 2147483647;
			files = (
				2B1B6D2D96A62EF1F8531CD4 /* Pods.framework in Frameworks */,
			);
			runOnlyForDeploymentPostprocessing = 0;
		};
		C3F0D4FA1C22C9C2008EF6F6 /* Frameworks */ = {
			isa = PBXFrameworksBuildPhase;
			buildActionMask = 2147483647;
			files = (
			);
			runOnlyForDeploymentPostprocessing = 0;
		};
		C3F0D5051C22C9C2008EF6F6 /* Frameworks */ = {
			isa = PBXFrameworksBuildPhase;
			buildActionMask = 2147483647;
			files = (
			);
			runOnlyForDeploymentPostprocessing = 0;
		};
/* End PBXFrameworksBuildPhase section */

/* Begin PBXGroup section */
		0E3165E50B301551677FC681 /* Frameworks */ = {
			isa = PBXGroup;
			children = (
				38EBD935EAAA33FDDC66019D /* Pods.framework */,
			);
			name = Frameworks;
			sourceTree = "<group>";
		};
		96E78631471484FE041187C9 /* Pods */ = {
			isa = PBXGroup;
			children = (
				810BA84A8856D9DE592EF842 /* Pods.debug.xcconfig */,
				A977597BCA03742C293574A2 /* Pods.release.xcconfig */,
			);
			name = Pods;
			sourceTree = "<group>";
		};
		C3F0D4E01C22C9C2008EF6F6 = {
			isa = PBXGroup;
			children = (
				C3F0D4EB1C22C9C2008EF6F6 /* lovelive_plus */,
				C3F0D5001C22C9C2008EF6F6 /* lovelive_plusTests */,
				C3F0D50B1C22C9C2008EF6F6 /* lovelive_plusUITests */,
				C3F0D4EA1C22C9C2008EF6F6 /* Products */,
				96E78631471484FE041187C9 /* Pods */,
				0E3165E50B301551677FC681 /* Frameworks */,
			);
			sourceTree = "<group>";
		};
		C3F0D4EA1C22C9C2008EF6F6 /* Products */ = {
			isa = PBXGroup;
			children = (
				C3F0D4E91C22C9C2008EF6F6 /* lovelive_plus.app */,
				C3F0D4FD1C22C9C2008EF6F6 /* lovelive_plusTests.xctest */,
				C3F0D5081C22C9C2008EF6F6 /* lovelive_plusUITests.xctest */,
			);
			name = Products;
			sourceTree = "<group>";
		};
		C3F0D4EB1C22C9C2008EF6F6 /* lovelive_plus */ = {
			isa = PBXGroup;
			children = (
				C3F0D4EC1C22C9C2008EF6F6 /* AppDelegate.swift */,
				C3F0D4EE1C22C9C2008EF6F6 /* MainController.swift */,
				C3F0D4F01C22C9C2008EF6F6 /* Main.storyboard */,
				32ABFA1AE86493DE8F1190A4 /* CardController.swift */,
				C3F0D4F31C22C9C2008EF6F6 /* Assets.xcassets */,
				C3F0D4F51C22C9C2008EF6F6 /* LaunchScreen.storyboard */,
				C3F0D4F81C22C9C2008EF6F6 /* Info.plist */,
				32ABF7F657F6D61E8811C5B4 /* model */,
				32ABFDD4A8380FAE5CF401CD /* Card.swift */,
				32ABF32F7CB66A48815962E8 /* Event.swift */,
				32ABF49DA2E52B65AB755846 /* Idol.swift */,
				32ABFE2EB1A74481997A3676 /* Cv.swift */,
				32ABF6E670C0EB2927E070B7 /* service */,
				32ABFEC9818A2F95F8E0AF6D /* CardService.swift */,
				32ABFC60F33CD7A4A56771D0 /* EventService.swift */,
				C3BE86F11C2ED2AC00FB58EF /* lovelive_plus-Bridging-Header.h */,
				32ABFEDA579ADF6909773D9F /* manager */,
				32ABF9A8C24A5239C603BC86 /* DatabaseManager.swift */,
				32ABFF0084E1B52567EA9C1F /* CardManager.swift */,
				32ABF9E2943013B00F0AEC84 /* EventManager.swift */,
			);
			path = lovelive_plus;
			sourceTree = "<group>";
		};
		C3F0D5001C22C9C2008EF6F6 /* lovelive_plusTests */ = {
			isa = PBXGroup;
			children = (
				C3F0D5011C22C9C2008EF6F6 /* lovelive_plusTests.swift */,
				C3F0D5031C22C9C2008EF6F6 /* Info.plist */,
			);
			path = lovelive_plusTests;
			sourceTree = "<group>";
		};
		C3F0D50B1C22C9C2008EF6F6 /* lovelive_plusUITests */ = {
			isa = PBXGroup;
			children = (
				C3F0D50C1C22C9C2008EF6F6 /* lovelive_plusUITests.swift */,
				C3F0D50E1C22C9C2008EF6F6 /* Info.plist */,
			);
			path = lovelive_plusUITests;
			sourceTree = "<group>";
		};
/* End PBXGroup section */

/* Begin PBXNativeTarget section */
		C3F0D4E81C22C9C2008EF6F6 /* lovelive_plus */ = {
			isa = PBXNativeTarget;
			buildConfigurationList = C3F0D5111C22C9C2008EF6F6 /* Build configuration list for PBXNativeTarget "lovelive_plus" */;
			buildPhases = (
				9A1E7D1C54CE3FC09E6EBB50 /* Check Pods Manifest.lock */,
				C3F0D4E51C22C9C2008EF6F6 /* Sources */,
				C3F0D4E61C22C9C2008EF6F6 /* Frameworks */,
				C3F0D4E71C22C9C2008EF6F6 /* Resources */,
				3AF36CDDC34FC7CDC40965DF /* Embed Pods Frameworks */,
				7186CBBEAD5F60782EE86D92 /* Copy Pods Resources */,
			);
			buildRules = (
			);
			dependencies = (
			);
			name = lovelive_plus;
			productName = lovelive_plus;
			productReference = C3F0D4E91C22C9C2008EF6F6 /* lovelive_plus.app */;
			productType = "com.apple.product-type.application";
		};
		C3F0D4FC1C22C9C2008EF6F6 /* lovelive_plusTests */ = {
			isa = PBXNativeTarget;
			buildConfigurationList = C3F0D5141C22C9C2008EF6F6 /* Build configuration list for PBXNativeTarget "lovelive_plusTests" */;
			buildPhases = (
				C3F0D4F91C22C9C2008EF6F6 /* Sources */,
				C3F0D4FA1C22C9C2008EF6F6 /* Frameworks */,
				C3F0D4FB1C22C9C2008EF6F6 /* Resources */,
			);
			buildRules = (
			);
			dependencies = (
				C3F0D4FF1C22C9C2008EF6F6 /* PBXTargetDependency */,
			);
			name = lovelive_plusTests;
			productName = lovelive_plusTests;
			productReference = C3F0D4FD1C22C9C2008EF6F6 /* lovelive_plusTests.xctest */;
			productType = "com.apple.product-type.bundle.unit-test";
		};
		C3F0D5071C22C9C2008EF6F6 /* lovelive_plusUITests */ = {
			isa = PBXNativeTarget;
			buildConfigurationList = C3F0D5171C22C9C2008EF6F6 /* Build configuration list for PBXNativeTarget "lovelive_plusUITests" */;
			buildPhases = (
				C3F0D5041C22C9C2008EF6F6 /* Sources */,
				C3F0D5051C22C9C2008EF6F6 /* Frameworks */,
				C3F0D5061C22C9C2008EF6F6 /* Resources */,
			);
			buildRules = (
			);
			dependencies = (
				C3F0D50A1C22C9C2008EF6F6 /* PBXTargetDependency */,
			);
			name = lovelive_plusUITests;
			productName = lovelive_plusUITests;
			productReference = C3F0D5081C22C9C2008EF6F6 /* lovelive_plusUITests.xctest */;
			productType = "com.apple.product-type.bundle.ui-testing";
		};
/* End PBXNativeTarget section */

/* Begin PBXProject section */
		C3F0D4E11C22C9C2008EF6F6 /* Project object */ = {
			isa = PBXProject;
			attributes = {
				LastSwiftUpdateCheck = 0710;
				LastUpgradeCheck = 0710;
				ORGANIZATIONNAME = "Kevin Lee";
				TargetAttributes = {
					C3F0D4E81C22C9C2008EF6F6 = {
						CreatedOnToolsVersion = 7.1;
						DevelopmentTeam = Y97CDB7CG4;
					};
					C3F0D4FC1C22C9C2008EF6F6 = {
						CreatedOnToolsVersion = 7.1;
						TestTargetID = C3F0D4E81C22C9C2008EF6F6;
					};
					C3F0D5071C22C9C2008EF6F6 = {
						CreatedOnToolsVersion = 7.1;
						TestTargetID = C3F0D4E81C22C9C2008EF6F6;
					};
				};
			};
			buildConfigurationList = C3F0D4E41C22C9C2008EF6F6 /* Build configuration list for PBXProject "lovelive_plus" */;
			compatibilityVersion = "Xcode 3.2";
			developmentRegion = English;
			hasScannedForEncodings = 0;
			knownRegions = (
				en,
				Base,
			);
			mainGroup = C3F0D4E01C22C9C2008EF6F6;
			productRefGroup = C3F0D4EA1C22C9C2008EF6F6 /* Products */;
			projectDirPath = "";
			projectRoot = "";
			targets = (
				C3F0D4E81C22C9C2008EF6F6 /* lovelive_plus */,
				C3F0D4FC1C22C9C2008EF6F6 /* lovelive_plusTests */,
				C3F0D5071C22C9C2008EF6F6 /* lovelive_plusUITests */,
			);
		};
/* End PBXProject section */

/* Begin PBXResourcesBuildPhase section */
		C3F0D4E71C22C9C2008EF6F6 /* Resources */ = {
			isa = PBXResourcesBuildPhase;
			buildActionMask = 2147483647;
			files = (
				C3F0D4F71C22C9C2008EF6F6 /* LaunchScreen.storyboard in Resources */,
				C3F0D4F41C22C9C2008EF6F6 /* Assets.xcassets in Resources */,
				C3F0D4F21C22C9C2008EF6F6 /* Main.storyboard in Resources */,
				32ABF9745496D034757686A8 /* model in Resources */,
				32ABF031C90DEC38CFDAD9DD /* service in Resources */,
				32ABF4B17DD53C4A46BF28DE /* manager in Resources */,
			);
			runOnlyForDeploymentPostprocessing = 0;
		};
		C3F0D4FB1C22C9C2008EF6F6 /* Resources */ = {
			isa = PBXResourcesBuildPhase;
			buildActionMask = 2147483647;
			files = (
			);
			runOnlyForDeploymentPostprocessing = 0;
		};
		C3F0D5061C22C9C2008EF6F6 /* Resources */ = {
			isa = PBXResourcesBuildPhase;
			buildActionMask = 2147483647;
			files = (
			);
			runOnlyForDeploymentPostprocessing = 0;
		};
/* End PBXResourcesBuildPhase section */

/* Begin PBXShellScriptBuildPhase section */
		3AF36CDDC34FC7CDC40965DF /* Embed Pods Frameworks */ = {
			isa = PBXShellScriptBuildPhase;
			buildActionMask = 2147483647;
			files = (
			);
			inputPaths = (
			);
			name = "Embed Pods Frameworks";
			outputPaths = (
			);
			runOnlyForDeploymentPostprocessing = 0;
			shellPath = /bin/sh;
			shellScript = "\"${SRCROOT}/Pods/Target Support Files/Pods/Pods-frameworks.sh\"\n";
			showEnvVarsInLog = 0;
		};
		7186CBBEAD5F60782EE86D92 /* Copy Pods Resources */ = {
			isa = PBXShellScriptBuildPhase;
			buildActionMask = 2147483647;
			files = (
			);
			inputPaths = (
			);
			name = "Copy Pods Resources";
			outputPaths = (
			);
			runOnlyForDeploymentPostprocessing = 0;
			shellPath = /bin/sh;
			shellScript = "\"${SRCROOT}/Pods/Target Support Files/Pods/Pods-resources.sh\"\n";
			showEnvVarsInLog = 0;
		};
		9A1E7D1C54CE3FC09E6EBB50 /* Check Pods Manifest.lock */ = {
			isa = PBXShellScriptBuildPhase;
			buildActionMask = 2147483647;
			files = (
			);
			inputPaths = (
			);
			name = "Check Pods Manifest.lock";
			outputPaths = (
			);
			runOnlyForDeploymentPostprocessing = 0;
			shellPath = /bin/sh;
			shellScript = "diff \"${PODS_ROOT}/../Podfile.lock\" \"${PODS_ROOT}/Manifest.lock\" > /dev/null\nif [[ $? != 0 ]] ; then\n    cat << EOM\nerror: The sandbox is not in sync with the Podfile.lock. Run 'pod install' or update your CocoaPods installation.\nEOM\n    exit 1\nfi\n";
			showEnvVarsInLog = 0;
		};
/* End PBXShellScriptBuildPhase section */

/* Begin PBXSourcesBuildPhase section */
		C3F0D4E51C22C9C2008EF6F6 /* Sources */ = {
			isa = PBXSourcesBuildPhase;
			buildActionMask = 2147483647;
			files = (
				C3F0D4EF1C22C9C2008EF6F6 /* MainController.swift in Sources */,
				C3F0D4ED1C22C9C2008EF6F6 /* AppDelegate.swift in Sources */,
				32ABFDFFF1C0335B9070E348 /* CardController.swift in Sources */,
				32ABF100F79AC44F1673C446 /* Card.swift in Sources */,
				32ABFDAE0BAACF0C3B2B2CC5 /* Event.swift in Sources */,
				32ABF3315C5D6E62F23278C2 /* Idol.swift in Sources */,
				32ABF711159E2C5CDF581F16 /* Cv.swift in Sources */,
				32ABF361E72E25E7EF5FC0F4 /* CardService.swift in Sources */,
				32ABF8971A4819B4F69AE51D /* EventService.swift in Sources */,
				32ABFFB66240DABD764ADC4A /* DatabaseManager.swift in Sources */,
				32ABF42D53030AC55EFF9B15 /* CardManager.swift in Sources */,
				32ABFE0AC28AC546DD16C85D /* EventManager.swift in Sources */,
			);
			runOnlyForDeploymentPostprocessing = 0;
		};
		C3F0D4F91C22C9C2008EF6F6 /* Sources */ = {
			isa = PBXSourcesBuildPhase;
			buildActionMask = 2147483647;
			files = (
				C3F0D5021C22C9C2008EF6F6 /* lovelive_plusTests.swift in Sources */,
			);
			runOnlyForDeploymentPostprocessing = 0;
		};
		C3F0D5041C22C9C2008EF6F6 /* Sources */ = {
			isa = PBXSourcesBuildPhase;
			buildActionMask = 2147483647;
			files = (
				C3F0D50D1C22C9C2008EF6F6 /* lovelive_plusUITests.swift in Sources */,
			);
			runOnlyForDeploymentPostprocessing = 0;
		};
/* End PBXSourcesBuildPhase section */

/* Begin PBXTargetDependency section */
		C3F0D4FF1C22C9C2008EF6F6 /* PBXTargetDependency */ = {
			isa = PBXTargetDependency;
			target = C3F0D4E81C22C9C2008EF6F6 /* lovelive_plus */;
			targetProxy = C3F0D4FE1C22C9C2008EF6F6 /* PBXContainerItemProxy */;
		};
		C3F0D50A1C22C9C2008EF6F6 /* PBXTargetDependency */ = {
			isa = PBXTargetDependency;
			target = C3F0D4E81C22C9C2008EF6F6 /* lovelive_plus */;
			targetProxy = C3F0D5091C22C9C2008EF6F6 /* PBXContainerItemProxy */;
		};
/* End PBXTargetDependency section */

/* Begin PBXVariantGroup section */
		C3F0D4F01C22C9C2008EF6F6 /* Main.storyboard */ = {
			isa = PBXVariantGroup;
			children = (
				C3F0D4F11C22C9C2008EF6F6 /* Base */,
				C3F0D51A1C22E94D008EF6F6 /* zh-Hans */,
			);
			name = Main.storyboard;
			sourceTree = "<group>";
		};
		C3F0D4F51C22C9C2008EF6F6 /* LaunchScreen.storyboard */ = {
			isa = PBXVariantGroup;
			children = (
				C3F0D4F61C22C9C2008EF6F6 /* Base */,
				C3F0D51B1C22E94D008EF6F6 /* zh-Hans */,
			);
			name = LaunchScreen.storyboard;
			sourceTree = "<group>";
		};
/* End PBXVariantGroup section */

/* Begin XCBuildConfiguration section */
		C3F0D50F1C22C9C2008EF6F6 /* Debug */ = {
			isa = XCBuildConfiguration;
			buildSettings = {
				ALWAYS_SEARCH_USER_PATHS = NO;
				CLANG_ALLOW_NON_MODULAR_INCLUDES_IN_FRAMEWORK_MODULES = YES;
				CLANG_CXX_LANGUAGE_STANDARD = "gnu++0x";
				CLANG_CXX_LIBRARY = "libc++";
				CLANG_ENABLE_MODULES = YES;
				CLANG_ENABLE_OBJC_ARC = YES;
				CLANG_WARN_BOOL_CONVERSION = YES;
				CLANG_WARN_CONSTANT_CONVERSION = YES;
				CLANG_WARN_DIRECT_OBJC_ISA_USAGE = YES_ERROR;
				CLANG_WARN_EMPTY_BODY = YES;
				CLANG_WARN_ENUM_CONVERSION = YES;
				CLANG_WARN_INT_CONVERSION = YES;
				CLANG_WARN_OBJC_ROOT_CLASS = YES_ERROR;
				CLANG_WARN_UNREACHABLE_CODE = YES;
				CLANG_WARN__DUPLICATE_METHOD_MATCH = YES;
				"CODE_SIGN_IDENTITY[sdk=iphoneos*]" = "iPhone Developer";
				COPY_PHASE_STRIP = NO;
				DEBUG_INFORMATION_FORMAT = dwarf;
				ENABLE_STRICT_OBJC_MSGSEND = YES;
				ENABLE_TESTABILITY = YES;
				GCC_C_LANGUAGE_STANDARD = gnu99;
				GCC_DYNAMIC_NO_PIC = NO;
				GCC_NO_COMMON_BLOCKS = YES;
				GCC_OPTIMIZATION_LEVEL = 0;
				GCC_PREPROCESSOR_DEFINITIONS = (
					"DEBUG=1",
					"$(inherited)",
				);
				GCC_WARN_64_TO_32_BIT_CONVERSION = YES;
				GCC_WARN_ABOUT_RETURN_TYPE = YES_ERROR;
				GCC_WARN_UNDECLARED_SELECTOR = YES;
				GCC_WARN_UNINITIALIZED_AUTOS = YES_AGGRESSIVE;
				GCC_WARN_UNUSED_FUNCTION = YES;
				GCC_WARN_UNUSED_VARIABLE = YES;
				IPHONEOS_DEPLOYMENT_TARGET = 9.1;
				MTL_ENABLE_DEBUG_INFO = YES;
				ONLY_ACTIVE_ARCH = YES;
				SDKROOT = iphoneos;
				SWIFT_OPTIMIZATION_LEVEL = "-Onone";
				TARGETED_DEVICE_FAMILY = "1,2";
			};
			name = Debug;
		};
		C3F0D5101C22C9C2008EF6F6 /* Release */ = {
			isa = XCBuildConfiguration;
			buildSettings = {
				ALWAYS_SEARCH_USER_PATHS = NO;
				CLANG_ALLOW_NON_MODULAR_INCLUDES_IN_FRAMEWORK_MODULES = YES;
				CLANG_CXX_LANGUAGE_STANDARD = "gnu++0x";
				CLANG_CXX_LIBRARY = "libc++";
				CLANG_ENABLE_MODULES = YES;
				CLANG_ENABLE_OBJC_ARC = YES;
				CLANG_WARN_BOOL_CONVERSION = YES;
				CLANG_WARN_CONSTANT_CONVERSION = YES;
				CLANG_WARN_DIRECT_OBJC_ISA_USAGE = YES_ERROR;
				CLANG_WARN_EMPTY_BODY = YES;
				CLANG_WARN_ENUM_CONVERSION = YES;
				CLANG_WARN_INT_CONVERSION = YES;
				CLANG_WARN_OBJC_ROOT_CLASS = YES_ERROR;
				CLANG_WARN_UNREACHABLE_CODE = YES;
				CLANG_WARN__DUPLICATE_METHOD_MATCH = YES;
				"CODE_SIGN_IDENTITY[sdk=iphoneos*]" = "iPhone Developer";
				COPY_PHASE_STRIP = NO;
				DEBUG_INFORMATION_FORMAT = "dwarf-with-dsym";
				ENABLE_NS_ASSERTIONS = NO;
				ENABLE_STRICT_OBJC_MSGSEND = YES;
				GCC_C_LANGUAGE_STANDARD = gnu99;
				GCC_NO_COMMON_BLOCKS = YES;
				GCC_WARN_64_TO_32_BIT_CONVERSION = YES;
				GCC_WARN_ABOUT_RETURN_TYPE = YES_ERROR;
				GCC_WARN_UNDECLARED_SELECTOR = YES;
				GCC_WARN_UNINITIALIZED_AUTOS = YES_AGGRESSIVE;
				GCC_WARN_UNUSED_FUNCTION = YES;
				GCC_WARN_UNUSED_VARIABLE = YES;
				IPHONEOS_DEPLOYMENT_TARGET = 9.1;
				MTL_ENABLE_DEBUG_INFO = NO;
				SDKROOT = iphoneos;
				TARGETED_DEVICE_FAMILY = "1,2";
				VALIDATE_PRODUCT = YES;
			};
			name = Release;
		};
		C3F0D5121C22C9C2008EF6F6 /* Debug */ = {
			isa = XCBuildConfiguration;
			baseConfigurationReference = 810BA84A8856D9DE592EF842 /* Pods.debug.xcconfig */;
			buildSettings = {
				ASSETCATALOG_COMPILER_APPICON_NAME = AppIcon;
				CLANG_ALLOW_NON_MODULAR_INCLUDES_IN_FRAMEWORK_MODULES = YES;
				CODE_SIGN_IDENTITY = "iPhone Developer";
				DEFINES_MODULE = YES;
				INFOPLIST_FILE = lovelive_plus/Info.plist;
				LD_RUNPATH_SEARCH_PATHS = "$(inherited) @executable_path/Frameworks";
				PRODUCT_BUNDLE_IDENTIFIER = "tw.kl.lovelive-plus";
				PRODUCT_NAME = "$(TARGET_NAME)";
				SWIFT_OBJC_BRIDGING_HEADER = "$(SRCROOT)/lovelive_plus/lovelive_plus-Bridging-Header.h";
			};
			name = Debug;
		};
		C3F0D5131C22C9C2008EF6F6 /* Release */ = {
			isa = XCBuildConfiguration;
			baseConfigurationReference = A977597BCA03742C293574A2 /* Pods.release.xcconfig */;
			buildSettings = {
				ASSETCATALOG_COMPILER_APPICON_NAME = AppIcon;
				CLANG_ALLOW_NON_MODULAR_INCLUDES_IN_FRAMEWORK_MODULES = YES;
				CODE_SIGN_IDENTITY = "iPhone Developer";
				DEFINES_MODULE = YES;
				INFOPLIST_FILE = lovelive_plus/Info.plist;
				LD_RUNPATH_SEARCH_PATHS = "$(inherited) @executable_path/Frameworks";
				PRODUCT_BUNDLE_IDENTIFIER = "tw.kl.lovelive-plus";
				PRODUCT_NAME = "$(TARGET_NAME)";
				SWIFT_OBJC_BRIDGING_HEADER = "$(SRCROOT)/lovelive_plus/lovelive_plus-Bridging-Header.h";
			};
			name = Release;
		};
		C3F0D5151C22C9C2008EF6F6 /* Debug */ = {
			isa = XCBuildConfiguration;
			buildSettings = {
				BUNDLE_LOADER = "$(TEST_HOST)";
				INFOPLIST_FILE = lovelive_plusTests/Info.plist;
				LD_RUNPATH_SEARCH_PATHS = "$(inherited) @executable_path/Frameworks @loader_path/Frameworks";
				PRODUCT_BUNDLE_IDENTIFIER = "tw.kl.lovelive-plusTests";
				PRODUCT_NAME = "$(TARGET_NAME)";
				TEST_HOST = "$(BUILT_PRODUCTS_DIR)/lovelive_plus.app/lovelive_plus";
			};
			name = Debug;
		};
		C3F0D5161C22C9C2008EF6F6 /* Release */ = {
			isa = XCBuildConfiguration;
			buildSettings = {
				BUNDLE_LOADER = "$(TEST_HOST)";
				INFOPLIST_FILE = lovelive_plusTests/Info.plist;
				LD_RUNPATH_SEARCH_PATHS = "$(inherited) @executable_path/Frameworks @loader_path/Frameworks";
				PRODUCT_BUNDLE_IDENTIFIER = "tw.kl.lovelive-plusTests";
				PRODUCT_NAME = "$(TARGET_NAME)";
				TEST_HOST = "$(BUILT_PRODUCTS_DIR)/lovelive_plus.app/lovelive_plus";
			};
			name = Release;
		};
		C3F0D5181C22C9C2008EF6F6 /* Debug */ = {
			isa = XCBuildConfiguration;
			buildSettings = {
				INFOPLIST_FILE = lovelive_plusUITests/Info.plist;
				LD_RUNPATH_SEARCH_PATHS = "$(inherited) @executable_path/Frameworks @loader_path/Frameworks";
				PRODUCT_BUNDLE_IDENTIFIER = "tw.kl.lovelive-plusUITests";
				PRODUCT_NAME = "$(TARGET_NAME)";
				TEST_TARGET_NAME = lovelive_plus;
				USES_XCTRUNNER = YES;
			};
			name = Debug;
		};
		C3F0D5191C22C9C2008EF6F6 /* Release */ = {
			isa = XCBuildConfiguration;
			buildSettings = {
				INFOPLIST_FILE = lovelive_plusUITests/Info.plist;
				LD_RUNPATH_SEARCH_PATHS = "$(inherited) @executable_path/Frameworks @loader_path/Frameworks";
				PRODUCT_BUNDLE_IDENTIFIER = "tw.kl.lovelive-plusUITests";
				PRODUCT_NAME = "$(TARGET_NAME)";
				TEST_TARGET_NAME = lovelive_plus;
				USES_XCTRUNNER = YES;
			};
			name = Release;
		};
/* End XCBuildConfiguration section */

/* Begin XCConfigurationList section */
		C3F0D4E41C22C9C2008EF6F6 /* Build configuration list for PBXProject "lovelive_plus" */ = {
			isa = XCConfigurationList;
			buildConfigurations = (
				C3F0D50F1C22C9C2008EF6F6 /* Debug */,
				C3F0D5101C22C9C2008EF6F6 /* Release */,
			);
			defaultConfigurationIsVisible = 0;
			defaultConfigurationName = Release;
		};
		C3F0D5111C22C9C2008EF6F6 /* Build configuration list for PBXNativeTarget "lovelive_plus" */ = {
			isa = XCConfigurationList;
			buildConfigurations = (
				C3F0D5121C22C9C2008EF6F6 /* Debug */,
				C3F0D5131C22C9C2008EF6F6 /* Release */,
			);
			defaultConfigurationIsVisible = 0;
			defaultConfigurationName = Release;
		};
		C3F0D5141C22C9C2008EF6F6 /* Build configuration list for PBXNativeTarget "lovelive_plusTests" */ = {
			isa = XCConfigurationList;
			buildConfigurations = (
				C3F0D5151C22C9C2008EF6F6 /* Debug */,
				C3F0D5161C22C9C2008EF6F6 /* Release */,
			);
			defaultConfigurationIsVisible = 0;
			defaultConfigurationName = Release;
		};
		C3F0D5171C22C9C2008EF6F6 /* Build configuration list for PBXNativeTarget "lovelive_plusUITests" */ = {
			isa = XCConfigurationList;
			buildConfigurations = (
				C3F0D5181C22C9C2008EF6F6 /* Debug */,
				C3F0D5191C22C9C2008EF6F6 /* Release */,
			);
			defaultConfigurationIsVisible = 0;
			defaultConfigurationName = Release;
		};
/* End XCConfigurationList section */
	};
	rootObject = C3F0D4E11C22C9C2008EF6F6 /* Project object */;
}
